
Microsoft Visual Studio Solution File, Format Version 12.00
# Visual Studio Version 17
VisualStudioVersion = 17.7.34202.233
MinimumVisualStudioVersion = 10.0.40219.1
Project("{9A19103F-16F7-4668-BE54-9A1E7A4F7556}") = "CarRentalManagement2.Server", "CarRentalManagement2\Server\CarRentalManagement2.Server.csproj", "{72920F1F-89F0-44C1-A2E7-3F8D6D2645DB}"
EndProject
Project("{9A19103F-16F7-4668-BE54-9A1E7A4F7556}") = "CarRentalManagement2.Client", "CarRentalManagement2\Client\CarRentalManagement2.Client.csproj", "{9FCF9D2E-C20C-4901-9BF8-CE0A2240366C}"
EndProject
Project("{9A19103F-16F7-4668-BE54-9A1E7A4F7556}") = "CarRentalManagement2.Shared", "CarRentalManagement2\Shared\CarRentalManagement2.Shared.csproj", "{13BE8250-877A-43B4-9BB7-6E89FD2875FF}"
EndProject
Global
	GlobalSection(SolutionConfigurationPlatforms) = preSolution
		Debug|Any CPU = Debug|Any CPU
		Release|Any CPU = Release|Any CPU
	EndGlobalSection
	GlobalSection(ProjectConfigurationPlatforms) = postSolution
		{72920F1F-89F0-44C1-A2E7-3F8D6D2645DB}.Debug|Any CPU.ActiveCfg = Debug|Any CPU
		{72920F1F-89F0-44C1-A2E7-3F8D6D2645DB}.Debug|Any CPU.Build.0 = Debug|Any CPU
		{72920F1F-89F0-44C1-A2E7-3F8D6D2645DB}.Release|Any CPU.ActiveCfg = Release|Any CPU
		{72920F1F-89F0-44C1-A2E7-3F8D6D2645DB}.Release|Any CPU.Build.0 = Release|Any CPU
		{9FCF9D2E-C20C-4901-9BF8-CE0A2240366C}.Debug|Any CPU.ActiveCfg = Debug|Any CPU
		{9FCF9D2E-C20C-4901-9BF8-CE0A2240366C}.Debug|Any CPU.Build.0 = Debug|Any CPU
		{9FCF9D2E-C20C-4901-9BF8-CE0A2240366C}.Release|Any CPU.ActiveCfg = Release|Any CPU
		{9FCF9D2E-C20C-4901-9BF8-CE0A2240366C}.Release|Any CPU.Build.0 = Release|Any CPU
		{13BE8250-877A-43B4-9BB7-6E89FD2875FF}.Debug|Any CPU.ActiveCfg = Debug|Any CPU
		{13BE8250-877A-43B4-9BB7-6E89FD2875FF}.Debug|Any CPU.Build.0 = Debug|Any CPU
		{13BE8250-877A-43B4-9BB7-6E89FD2875FF}.Release|Any CPU.ActiveCfg = Release|Any CPU
		{13BE8250-877A-43B4-9BB7-6E89FD2875FF}.Release|Any CPU.Build.0 = Release|Any CPU
	EndGlobalSection
	GlobalSection(SolutionProperties) = preSolution
		HideSolutionNode = FALSE
	EndGlobalSection
	GlobalSection(ExtensibilityGlobals) = postSolution
		SolutionGuid = {BBE05204-2C74-4E4F-8650-80D39C582F8B}
	EndGlobalSection
EndGlobal
